
Microsoft Visual Studio Solution File, Format Version 12.00
# Visual Studio 15
VisualStudioVersion = 15.0.28010.2050
MinimumVisualStudioVersion = 10.0.40219.1
Project("{2150E333-8FDC-42A3-9474-1A3956D46DE8}") = "src", "src", "{EA2A1827-BD9C-48EC-9EEE-F3B3D649FD5D}"
EndProject
Project("{2150E333-8FDC-42A3-9474-1A3956D46DE8}") = "Solution Items", "Solution Items", "{E8C16C7A-E9F7-4F91-AA53-C6EBC913576B}"
	ProjectSection(SolutionItems) = preProject
		global.json = global.json
	EndProjectSection
EndProject
Project("{9A19103F-16F7-4668-BE54-9A1E7A4F7556}") = "LinkedistLibrary", "src\LinkedistLibrary\LinkedistLibrary.csproj", "{BB6C91CD-DBF4-4DAC-B73C-B45044645817}"
EndProject
Global
	GlobalSection(SolutionConfigurationPlatforms) = preSolution
		Debug|Any CPU = Debug|Any CPU
		Release|Any CPU = Release|Any CPU
	EndGlobalSection
	GlobalSection(ProjectConfigurationPlatforms) = postSolution
		{BB6C91CD-DBF4-4DAC-B73C-B45044645817}.Debug|Any CPU.ActiveCfg = Debug|Any CPU
		{BB6C91CD-DBF4-4DAC-B73C-B45044645817}.Debug|Any CPU.Build.0 = Debug|Any CPU
		{BB6C91CD-DBF4-4DAC-B73C-B45044645817}.Release|Any CPU.ActiveCfg = Release|Any CPU
		{BB6C91CD-DBF4-4DAC-B73C-B45044645817}.Release|Any CPU.Build.0 = Release|Any CPU
	EndGlobalSection
	GlobalSection(SolutionProperties) = preSolution
		HideSolutionNode = FALSE
	EndGlobalSection
	GlobalSection(NestedProjects) = preSolution
		{BB6C91CD-DBF4-4DAC-B73C-B45044645817} = {EA2A1827-BD9C-48EC-9EEE-F3B3D649FD5D}
	EndGlobalSection
	GlobalSection(ExtensibilityGlobals) = postSolution
		SolutionGuid = {70A9C42D-297E-42D0-BB9F-8537A20ED952}
	EndGlobalSection
EndGlobal
