
Microsoft Visual Studio Solution File, Format Version 12.00
# Visual Studio 14
VisualStudioVersion = 14.0.24720.0
MinimumVisualStudioVersion = 10.0.40219.1
Project("{FAE04EC0-301F-11D3-BF4B-00C04F79EFBC}") = "Example01", "Example01\Example01.csproj", "{73FCA434-1709-478D-965D-4C4F667EF71C}"
EndProject
Project("{FAE04EC0-301F-11D3-BF4B-00C04F79EFBC}") = "AnonymousWithoutArgs", "Examples02\AnonymousWithoutArgs.csproj", "{572177AA-3DB3-4F69-B316-2B99378E33DD}"
EndProject
Project("{FAE04EC0-301F-11D3-BF4B-00C04F79EFBC}") = "AnonymousWithArgs", "Example03\AnonymousWithArgs.csproj", "{BB1D0B70-74C6-4CA0-A600-B69BBBB0E8E2}"
EndProject
Project("{FAE04EC0-301F-11D3-BF4B-00C04F79EFBC}") = "AnonymousWithArgsReturn", "ConsoleApplication1\AnonymousWithArgsReturn.csproj", "{7C89BA15-B47A-47DE-B7DD-45345FC18CEA}"
EndProject
Global
	GlobalSection(SolutionConfigurationPlatforms) = preSolution
		Debug|Any CPU = Debug|Any CPU
		Release|Any CPU = Release|Any CPU
	EndGlobalSection
	GlobalSection(ProjectConfigurationPlatforms) = postSolution
		{73FCA434-1709-478D-965D-4C4F667EF71C}.Debug|Any CPU.ActiveCfg = Debug|Any CPU
		{73FCA434-1709-478D-965D-4C4F667EF71C}.Debug|Any CPU.Build.0 = Debug|Any CPU
		{73FCA434-1709-478D-965D-4C4F667EF71C}.Release|Any CPU.ActiveCfg = Release|Any CPU
		{73FCA434-1709-478D-965D-4C4F667EF71C}.Release|Any CPU.Build.0 = Release|Any CPU
		{572177AA-3DB3-4F69-B316-2B99378E33DD}.Debug|Any CPU.ActiveCfg = Debug|Any CPU
		{572177AA-3DB3-4F69-B316-2B99378E33DD}.Debug|Any CPU.Build.0 = Debug|Any CPU
		{572177AA-3DB3-4F69-B316-2B99378E33DD}.Release|Any CPU.ActiveCfg = Release|Any CPU
		{572177AA-3DB3-4F69-B316-2B99378E33DD}.Release|Any CPU.Build.0 = Release|Any CPU
		{BB1D0B70-74C6-4CA0-A600-B69BBBB0E8E2}.Debug|Any CPU.ActiveCfg = Debug|Any CPU
		{BB1D0B70-74C6-4CA0-A600-B69BBBB0E8E2}.Debug|Any CPU.Build.0 = Debug|Any CPU
		{BB1D0B70-74C6-4CA0-A600-B69BBBB0E8E2}.Release|Any CPU.ActiveCfg = Release|Any CPU
		{BB1D0B70-74C6-4CA0-A600-B69BBBB0E8E2}.Release|Any CPU.Build.0 = Release|Any CPU
		{7C89BA15-B47A-47DE-B7DD-45345FC18CEA}.Debug|Any CPU.ActiveCfg = Debug|Any CPU
		{7C89BA15-B47A-47DE-B7DD-45345FC18CEA}.Debug|Any CPU.Build.0 = Debug|Any CPU
		{7C89BA15-B47A-47DE-B7DD-45345FC18CEA}.Release|Any CPU.ActiveCfg = Release|Any CPU
		{7C89BA15-B47A-47DE-B7DD-45345FC18CEA}.Release|Any CPU.Build.0 = Release|Any CPU
	EndGlobalSection
	GlobalSection(SolutionProperties) = preSolution
		HideSolutionNode = FALSE
	EndGlobalSection
EndGlobal
