
Microsoft Visual Studio Solution File, Format Version 12.00
# Visual Studio 15
VisualStudioVersion = 15.0.28307.271
MinimumVisualStudioVersion = 10.0.40219.1
Project("{FAE04EC0-301F-11D3-BF4B-00C04F79EFBC}") = "MainuL_Haque_Excercise_03", "MainuL_Haque_Excercise_03\MainuL_Haque_Excercise_03.csproj", "{6BAEFCD2-243C-4369-A0BC-559299B2CEA2}"
EndProject
Project("{FAE04EC0-301F-11D3-BF4B-00C04F79EFBC}") = "MainuL_Haque_Excercise_02", "MainuL_Haque_Excercise_02\MainuL_Haque_Excercise_02.csproj", "{E54D9D48-0009-4B26-BCDE-6058A82EC8B1}"
EndProject
Project("{9A19103F-16F7-4668-BE54-9A1E7A4F7556}") = "Mainul_Haque_COMP_212_sec_002_LinkedListLibrary", "Mainul_Haque_COMP_212_sec_002_LinkedListLibrary\Mainul_Haque_COMP_212_sec_002_LinkedListLibrary.csproj", "{98B95ABA-BBAE-41DA-A3E7-FEA3A2B13355}"
EndProject
Project("{FAE04EC0-301F-11D3-BF4B-00C04F79EFBC}") = "Mainul_Haque_COMP_212_002_LinkedListTest", "Mainul_Haque_COMP_212_002_LinkedListTest\Mainul_Haque_COMP_212_002_LinkedListTest.csproj", "{EF6BFC02-2362-4485-8DA1-6139DAE446D6}"
EndProject
Global
	GlobalSection(SolutionConfigurationPlatforms) = preSolution
		Debug|Any CPU = Debug|Any CPU
		Release|Any CPU = Release|Any CPU
	EndGlobalSection
	GlobalSection(ProjectConfigurationPlatforms) = postSolution
		{6BAEFCD2-243C-4369-A0BC-559299B2CEA2}.Debug|Any CPU.ActiveCfg = Debug|Any CPU
		{6BAEFCD2-243C-4369-A0BC-559299B2CEA2}.Debug|Any CPU.Build.0 = Debug|Any CPU
		{6BAEFCD2-243C-4369-A0BC-559299B2CEA2}.Release|Any CPU.ActiveCfg = Release|Any CPU
		{6BAEFCD2-243C-4369-A0BC-559299B2CEA2}.Release|Any CPU.Build.0 = Release|Any CPU
		{E54D9D48-0009-4B26-BCDE-6058A82EC8B1}.Debug|Any CPU.ActiveCfg = Debug|Any CPU
		{E54D9D48-0009-4B26-BCDE-6058A82EC8B1}.Debug|Any CPU.Build.0 = Debug|Any CPU
		{E54D9D48-0009-4B26-BCDE-6058A82EC8B1}.Release|Any CPU.ActiveCfg = Release|Any CPU
		{E54D9D48-0009-4B26-BCDE-6058A82EC8B1}.Release|Any CPU.Build.0 = Release|Any CPU
		{98B95ABA-BBAE-41DA-A3E7-FEA3A2B13355}.Debug|Any CPU.ActiveCfg = Debug|Any CPU
		{98B95ABA-BBAE-41DA-A3E7-FEA3A2B13355}.Debug|Any CPU.Build.0 = Debug|Any CPU
		{98B95ABA-BBAE-41DA-A3E7-FEA3A2B13355}.Release|Any CPU.ActiveCfg = Release|Any CPU
		{98B95ABA-BBAE-41DA-A3E7-FEA3A2B13355}.Release|Any CPU.Build.0 = Release|Any CPU
		{EF6BFC02-2362-4485-8DA1-6139DAE446D6}.Debug|Any CPU.ActiveCfg = Debug|Any CPU
		{EF6BFC02-2362-4485-8DA1-6139DAE446D6}.Debug|Any CPU.Build.0 = Debug|Any CPU
		{EF6BFC02-2362-4485-8DA1-6139DAE446D6}.Release|Any CPU.ActiveCfg = Release|Any CPU
		{EF6BFC02-2362-4485-8DA1-6139DAE446D6}.Release|Any CPU.Build.0 = Release|Any CPU
	EndGlobalSection
	GlobalSection(SolutionProperties) = preSolution
		HideSolutionNode = FALSE
	EndGlobalSection
	GlobalSection(ExtensibilityGlobals) = postSolution
		SolutionGuid = {09DBAF1B-FE16-4EAC-B5B9-29F5F119C189}
	EndGlobalSection
EndGlobal
